
Microsoft Visual Studio Solution File, Format Version 12.00
# Visual Studio Version 16
VisualStudioVersion = 16.0.29806.167
MinimumVisualStudioVersion = 10.0.40219.1
Project("{FAE04EC0-301F-11D3-BF4B-00C04F79EFBC}") = "LinqApplication", "LinqApplication.csproj", "{5D7E172E-4127-40C2-A1EB-49888E8E1691}"
EndProject
Global
	GlobalSection(SolutionConfigurationPlatforms) = preSolution
		Debug|Any CPU = Debug|Any CPU
		Release|Any CPU = Release|Any CPU
	EndGlobalSection
	GlobalSection(ProjectConfigurationPlatforms) = postSolution
		{5D7E172E-4127-40C2-A1EB-49888E8E1691}.Debug|Any CPU.ActiveCfg = Debug|Any CPU
		{5D7E172E-4127-40C2-A1EB-49888E8E1691}.Debug|Any CPU.Build.0 = Debug|Any CPU
		{5D7E172E-4127-40C2-A1EB-49888E8E1691}.Release|Any CPU.ActiveCfg = Release|Any CPU
		{5D7E172E-4127-40C2-A1EB-49888E8E1691}.Release|Any CPU.Build.0 = Release|Any CPU
	EndGlobalSection
	GlobalSection(SolutionProperties) = preSolution
		HideSolutionNode = FALSE
	EndGlobalSection
	GlobalSection(ExtensibilityGlobals) = postSolution
		SolutionGuid = {E1219A17-621A-4D17-93C0-545461E4E7CC}
	EndGlobalSection
EndGlobal
